
Microsoft Visual Studio Solution File, Format Version 12.00
# Visual Studio Version 17
VisualStudioVersion = 17.5.002.0
MinimumVisualStudioVersion = 10.0.40219.1
Project("{9A19103F-16F7-4668-BE54-9A1E7A4F7556}") = "AnimalProducer", "AnimalProducer\AnimalProducer.csproj", "{53E80DDF-4B2C-451E-AF2D-0C81A43E7344}"
EndProject
Project("{9A19103F-16F7-4668-BE54-9A1E7A4F7556}") = "ContentRouter", "ContentRouter\ContentRouter.csproj", "{791185A4-BE20-414E-AB09-A0F63DD9D3B3}"
EndProject
Project("{9A19103F-16F7-4668-BE54-9A1E7A4F7556}") = "TigerConsumer", "TigerConsumer\TigerConsumer.csproj", "{BC6A6E78-D0A0-4C19-AED5-078F4698BA23}"
EndProject
Project("{9A19103F-16F7-4668-BE54-9A1E7A4F7556}") = "ZebraConsumer", "ZebraConsumer\ZebraConsumer.csproj", "{8C54DA9D-5570-4D4B-9E89-271AFD5ADDBE}"
EndProject
Global
	GlobalSection(SolutionConfigurationPlatforms) = preSolution
		Debug|Any CPU = Debug|Any CPU
		Release|Any CPU = Release|Any CPU
	EndGlobalSection
	GlobalSection(ProjectConfigurationPlatforms) = postSolution
		{53E80DDF-4B2C-451E-AF2D-0C81A43E7344}.Debug|Any CPU.ActiveCfg = Debug|Any CPU
		{53E80DDF-4B2C-451E-AF2D-0C81A43E7344}.Debug|Any CPU.Build.0 = Debug|Any CPU
		{53E80DDF-4B2C-451E-AF2D-0C81A43E7344}.Release|Any CPU.ActiveCfg = Release|Any CPU
		{53E80DDF-4B2C-451E-AF2D-0C81A43E7344}.Release|Any CPU.Build.0 = Release|Any CPU
		{791185A4-BE20-414E-AB09-A0F63DD9D3B3}.Debug|Any CPU.ActiveCfg = Debug|Any CPU
		{791185A4-BE20-414E-AB09-A0F63DD9D3B3}.Debug|Any CPU.Build.0 = Debug|Any CPU
		{791185A4-BE20-414E-AB09-A0F63DD9D3B3}.Release|Any CPU.ActiveCfg = Release|Any CPU
		{791185A4-BE20-414E-AB09-A0F63DD9D3B3}.Release|Any CPU.Build.0 = Release|Any CPU
		{BC6A6E78-D0A0-4C19-AED5-078F4698BA23}.Debug|Any CPU.ActiveCfg = Debug|Any CPU
		{BC6A6E78-D0A0-4C19-AED5-078F4698BA23}.Debug|Any CPU.Build.0 = Debug|Any CPU
		{BC6A6E78-D0A0-4C19-AED5-078F4698BA23}.Release|Any CPU.ActiveCfg = Release|Any CPU
		{BC6A6E78-D0A0-4C19-AED5-078F4698BA23}.Release|Any CPU.Build.0 = Release|Any CPU
		{8C54DA9D-5570-4D4B-9E89-271AFD5ADDBE}.Debug|Any CPU.ActiveCfg = Debug|Any CPU
		{8C54DA9D-5570-4D4B-9E89-271AFD5ADDBE}.Debug|Any CPU.Build.0 = Debug|Any CPU
		{8C54DA9D-5570-4D4B-9E89-271AFD5ADDBE}.Release|Any CPU.ActiveCfg = Release|Any CPU
		{8C54DA9D-5570-4D4B-9E89-271AFD5ADDBE}.Release|Any CPU.Build.0 = Release|Any CPU
	EndGlobalSection
	GlobalSection(SolutionProperties) = preSolution
		HideSolutionNode = FALSE
	EndGlobalSection
	GlobalSection(ExtensibilityGlobals) = postSolution
		SolutionGuid = {0524EFB8-117C-43B3-A40D-7B03121A5495}
	EndGlobalSection
EndGlobal
